PODS:
  - Alamofire (4.8.2)
  - Gloss (3.2.1)
  - NVActivityIndicatorView (4.7.0):
    - NVActivityIndicatorView/Presenter (= 4.7.0)
  - NVActivityIndicatorView/Presenter (4.7.0)
  - SDWebImage (5.10.0):
    - SDWebImage/Core (= 5.10.0)
  - SDWebImage/Core (5.10.0)

DEPENDENCIES:
  - Alamofire (~> 4.8.0)
  - Gloss
  - NVActivityIndicatorView (~> 4.7.0)
  - SDWebImage

SPEC REPOS:
  trunk:
    - Alamofire
    - Gloss
    - NVActivityIndicatorView
    - SDWebImage

SPEC CHECKSUMS:
  Alamofire: ae5c501addb7afdbb13687d7f2f722c78734c2d3
  Gloss: 2cda64dd31f12d8c7905273c7883c63ee92bfee3
  NVActivityIndicatorView: b19ddab2576f805cbe0fb2306cba3476e09a1dea
  SDWebImage: 9169792e9eec3e45bba2a0c02f74bf8bd922d1ee

PODFILE CHECKSUM: 7f7492a46158a7a85bd3b70175e77a11dd47f0d0

COCOAPODS: 1.10.0
